// !$*UTF8*$!
{
	archiveVersion = 1;
	classes = {
	};
	objectVersion = 50;
	objects = {

/* Begin PBXBuildFile section */
		ADC2E7CF26F8759000F1D4CB /* appApp.swift in Sources */ = {isa = PBXBuildFile; fileRef = ADC2E7CE26F8759000F1D4CB /* appApp.swift */; };
		ADC2E7D126F8759000F1D4CB /* ContentView.swift in Sources */ = {isa = PBXBuildFile; fileRef = ADC2E7D026F8759000F1D4CB /* ContentView.swift */; };
		ADC2E7D326F8759200F1D4CB /* Assets.xcassets in Resources */ = {isa = PBXBuildFile; fileRef = ADC2E7D226F8759200F1D4CB /* Assets.xcassets */; };
		ADC2E7D626F8759200F1D4CB /* Preview Assets.xcassets in Resources */ = {isa = PBXBuildFile; fileRef = ADC2E7D526F8759200F1D4CB /* Preview Assets.xcassets */; };
		ADC2E7E126F8759200F1D4CB /* appTests.swift in Sources */ = {isa = PBXBuildFile; fileRef = ADC2E7E026F8759200F1D4CB /* appTests.swift */; };
		ADC2E7EC26F8759300F1D4CB /* appUITests.swift in Sources */ = {isa = PBXBuildFile; fileRef = ADC2E7EB26F8759300F1D4CB /* appUITests.swift */; };
/* End PBXBuildFile section */

/* Begin PBXContainerItemProxy section */
		ADC2E7DD26F8759200F1D4CB /* PBXContainerItemProxy */ = {
			isa = PBXContainerItemProxy;
			containerPortal = ADC2E7C326F8759000F1D4CB /* Project object */;
			proxyType = 1;
			remoteGlobalIDString = ADC2E7CA26F8759000F1D4CB;
			remoteInfo = app;
		};
		ADC2E7E826F8759300F1D4CB /* PBXContainerItemProxy */ = {
			isa = PBXContainerItemProxy;
			containerPortal = ADC2E7C326F8759000F1D4CB /* Project object */;
			proxyType = 1;
			remoteGlobalIDString = ADC2E7CA26F8759000F1D4CB;
			remoteInfo = app;
		};
/* End PBXContainerItemProxy section */

/* Begin PBXFileReference section */
		ADC2E7CB26F8759000F1D4CB /* app.app */ = {isa = PBXFileReference; explicitFileType = wrapper.application; includeInIndex = 0; path = app.app; sourceTree = BUILT_PRODUCTS_DIR; };
		ADC2E7CE26F8759000F1D4CB /* appApp.swift */ = {isa = PBXFileReference; lastKnownFileType = sourcecode.swift; path = appApp.swift; sourceTree = "<group>"; };
		ADC2E7D026F8759000F1D4CB /* ContentView.swift */ = {isa = PBXFileReference; lastKnownFileType = sourcecode.swift; path = ContentView.swift; sourceTree = "<group>"; };
		ADC2E7D226F8759200F1D4CB /* Assets.xcassets */ = {isa = PBXFileReference; lastKnownFileType = folder.assetcatalog; path = Assets.xcassets; sourceTree = "<group>"; };
		ADC2E7D526F8759200F1D4CB /* Preview Assets.xcassets */ = {isa = PBXFileReference; lastKnownFileType = folder.assetcatalog; path = "Preview Assets.xcassets"; sourceTree = "<group>"; };
		ADC2E7D726F8759200F1D4CB /* Info.plist */ = {isa = PBXFileReference; lastKnownFileType = text.plist.xml; path = Info.plist; sourceTree = "<group>"; };
		ADC2E7DC26F8759200F1D4CB /* appTests.xctest */ = {isa = PBXFileReference; explicitFileType = wrapper.cfbundle; includeInIndex = 0; path = appTests.xctest; sourceTree = BUILT_PRODUCTS_DIR; };
		ADC2E7E026F8759200F1D4CB /* appTests.swift */ = {isa = PBXFileReference; lastKnownFileType = sourcecode.swift; path = appTests.swift; sourceTree = "<group>"; };
		ADC2E7E226F8759200F1D4CB /* Info.plist */ = {isa = PBXFileReference; lastKnownFileType = text.plist.xml; path = Info.plist; sourceTree = "<group>"; };
		ADC2E7E726F8759300F1D4CB /* appUITests.xctest */ = {isa = PBXFileReference; explicitFileType = wrapper.cfbundle; includeInIndex = 0; path = appUITests.xctest; sourceTree = BUILT_PRODUCTS_DIR; };
		ADC2E7EB26F8759300F1D4CB /* appUITests.swift */ = {isa = PBXFileReference; lastKnownFileType = sourcecode.swift; path = appUITests.swift; sourceTree = "<group>"; };
		ADC2E7ED26F8759300F1D4CB /* Info.plist */ = {isa = PBXFileReference; lastKnownFileType = text.plist.xml; path = Info.plist; sourceTree = "<group>"; };
/* End PBXFileReference section */

/* Begin PBXFrameworksBuildPhase section */
		ADC2E7C826F8759000F1D4CB /* Frameworks */ = {
			isa = PBXFrameworksBuildPhase;
			buildActionMask = 2147483647;
			files = (
			);
			runOnlyForDeploymentPostprocessing = 0;
		};
		ADC2E7D926F8759200F1D4CB /* Frameworks */ = {
			isa = PBXFrameworksBuildPhase;
			buildActionMask = 2147483647;
			files = (
			);
			runOnlyForDeploymentPostprocessing = 0;
		};
		ADC2E7E426F8759300F1D4CB /* Frameworks */ = {
			isa = PBXFrameworksBuildPhase;
			buildActionMask = 2147483647;
			files = (
			);
			runOnlyForDeploymentPostprocessing = 0;
		};
/* End PBXFrameworksBuildPhase section */

/* Begin PBXGroup section */
		ADC2E7C226F8759000F1D4CB = {
			isa = PBXGroup;
			children = (
				ADC2E7CD26F8759000F1D4CB /* app */,
				ADC2E7DF26F8759200F1D4CB /* appTests */,
				ADC2E7EA26F8759300F1D4CB /* appUITests */,
				ADC2E7CC26F8759000F1D4CB /* Products */,
			);
			sourceTree = "<group>";
		};
		ADC2E7CC26F8759000F1D4CB /* Products */ = {
			isa = PBXGroup;
			children = (
				ADC2E7CB26F8759000F1D4CB /* app.app */,
				ADC2E7DC26F8759200F1D4CB /* appTests.xctest */,
				ADC2E7E726F8759300F1D4CB /* appUITests.xctest */,
			);
			name = Products;
			sourceTree = "<group>";
		};
		ADC2E7CD26F8759000F1D4CB /* app */ = {
			isa = PBXGroup;
			children = (
				ADC2E7CE26F8759000F1D4CB /* appApp.swift */,
				ADC2E7D026F8759000F1D4CB /* ContentView.swift */,
				ADC2E7D226F8759200F1D4CB /* Assets.xcassets */,
				ADC2E7D726F8759200F1D4CB /* Info.plist */,
				ADC2E7D426F8759200F1D4CB /* Preview Content */,
			);
			path = app;
			sourceTree = "<group>";
		};
		ADC2E7D426F8759200F1D4CB /* Preview Content */ = {
			isa = PBXGroup;
			children = (
				ADC2E7D526F8759200F1D4CB /* Preview Assets.xcassets */,
			);
			path = "Preview Content";
			sourceTree = "<group>";
		};
		ADC2E7DF26F8759200F1D4CB /* appTests */ = {
			isa = PBXGroup;
			children = (
				ADC2E7E026F8759200F1D4CB /* appTests.swift */,
				ADC2E7E226F8759200F1D4CB /* Info.plist */,
			);
			path = appTests;
			sourceTree = "<group>";
		};
		ADC2E7EA26F8759300F1D4CB /* appUITests */ = {
			isa = PBXGroup;
			children = (
				ADC2E7EB26F8759300F1D4CB /* appUITests.swift */,
				ADC2E7ED26F8759300F1D4CB /* Info.plist */,
			);
			path = appUITests;
			sourceTree = "<group>";
		};
/* End PBXGroup section */

/* Begin PBXNativeTarget section */
		ADC2E7CA26F8759000F1D4CB /* app */ = {
			isa = PBXNativeTarget;
			buildConfigurationList = ADC2E7F026F8759300F1D4CB /* Build configuration list for PBXNativeTarget "app" */;
			buildPhases = (
				ADC2E7C726F8759000F1D4CB /* Sources */,
				ADC2E7C826F8759000F1D4CB /* Frameworks */,
				ADC2E7C926F8759000F1D4CB /* Resources */,
			);
			buildRules = (
			);
			dependencies = (
			);
			name = app;
			productName = app;
			productReference = ADC2E7CB26F8759000F1D4CB /* app.app */;
			productType = "com.apple.product-type.application";
		};
		ADC2E7DB26F8759200F1D4CB /* appTests */ = {
			isa = PBXNativeTarget;
			buildConfigurationList = ADC2E7F326F8759300F1D4CB /* Build configuration list for PBXNativeTarget "appTests" */;
			buildPhases = (
				ADC2E7D826F8759200F1D4CB /* Sources */,
				ADC2E7D926F8759200F1D4CB /* Frameworks */,
				ADC2E7DA26F8759200F1D4CB /* Resources */,
			);
			buildRules = (
			);
			dependencies = (
				ADC2E7DE26F8759200F1D4CB /* PBXTargetDependency */,
			);
			name = appTests;
			productName = appTests;
			productReference = ADC2E7DC26F8759200F1D4CB /* appTests.xctest */;
			productType = "com.apple.product-type.bundle.unit-test";
		};
		ADC2E7E626F8759300F1D4CB /* appUITests */ = {
			isa = PBXNativeTarget;
			buildConfigurationList = ADC2E7F626F8759300F1D4CB /* Build configuration list for PBXNativeTarget "appUITests" */;
			buildPhases = (
				ADC2E7E326F8759300F1D4CB /* Sources */,
				ADC2E7E426F8759300F1D4CB /* Frameworks */,
				ADC2E7E526F8759300F1D4CB /* Resources */,
			);
			buildRules = (
			);
			dependencies = (
				ADC2E7E926F8759300F1D4CB /* PBXTargetDependency */,
			);
			name = appUITests;
			productName = appUITests;
			productReference = ADC2E7E726F8759300F1D4CB /* appUITests.xctest */;
			productType = "com.apple.product-type.bundle.ui-testing";
		};
/* End PBXNativeTarget section */

/* Begin PBXProject section */
		ADC2E7C326F8759000F1D4CB /* Project object */ = {
			isa = PBXProject;
			attributes = {
				LastSwiftUpdateCheck = 1250;
				LastUpgradeCheck = 1250;
				TargetAttributes = {
					ADC2E7CA26F8759000F1D4CB = {
						CreatedOnToolsVersion = 12.5.1;
					};
					ADC2E7DB26F8759200F1D4CB = {
						CreatedOnToolsVersion = 12.5.1;
						TestTargetID = ADC2E7CA26F8759000F1D4CB;
					};
					ADC2E7E626F8759300F1D4CB = {
						CreatedOnToolsVersion = 12.5.1;
						TestTargetID = ADC2E7CA26F8759000F1D4CB;
					};
				};
			};
			buildConfigurationList = ADC2E7C626F8759000F1D4CB /* Build configuration list for PBXProject "app" */;
			compatibilityVersion = "Xcode 9.3";
			developmentRegion = en;
			hasScannedForEncodings = 0;
			knownRegions = (
				en,
				Base,
			);
			mainGroup = ADC2E7C226F8759000F1D4CB;
			productRefGroup = ADC2E7CC26F8759000F1D4CB /* Products */;
			projectDirPath = "";
			projectRoot = "";
			targets = (
				ADC2E7CA26F8759000F1D4CB /* app */,
				ADC2E7DB26F8759200F1D4CB /* appTests */,
				ADC2E7E626F8759300F1D4CB /* appUITests */,
			);
		};
/* End PBXProject section */

/* Begin PBXResourcesBuildPhase section */
		ADC2E7C926F8759000F1D4CB /* Resources */ = {
			isa = PBXResourcesBuildPhase;
			buildActionMask = 2147483647;
			files = (
				ADC2E7D626F8759200F1D4CB /* Preview Assets.xcassets in Resources */,
				ADC2E7D326F8759200F1D4CB /* Assets.xcassets in Resources */,
			);
			runOnlyForDeploymentPostprocessing = 0;
		};
		ADC2E7DA26F8759200F1D4CB /* Resources */ = {
			isa = PBXResourcesBuildPhase;
			buildActionMask = 2147483647;
			files = (
			);
			runOnlyForDeploymentPostprocessing = 0;
		};
		ADC2E7E526F8759300F1D4CB /* Resources */ = {
			isa = PBXResourcesBuildPhase;
			buildActionMask = 2147483647;
			files = (
			);
			runOnlyForDeploymentPostprocessing = 0;
		};
/* End PBXResourcesBuildPhase section */

/* Begin PBXSourcesBuildPhase section */
		ADC2E7C726F8759000F1D4CB /* Sources */ = {
			isa = PBXSourcesBuildPhase;
			buildActionMask = 2147483647;
			files = (
				ADC2E7D126F8759000F1D4CB /* ContentView.swift in Sources */,
				ADC2E7CF26F8759000F1D4CB /* appApp.swift in Sources */,
			);
			runOnlyForDeploymentPostprocessing = 0;
		};
		ADC2E7D826F8759200F1D4CB /* Sources */ = {
			isa = PBXSourcesBuildPhase;
			buildActionMask = 2147483647;
			files = (
				ADC2E7E126F8759200F1D4CB /* appTests.swift in Sources */,
			);
			runOnlyForDeploymentPostprocessing = 0;
		};
		ADC2E7E326F8759300F1D4CB /* Sources */ = {
			isa = PBXSourcesBuildPhase;
			buildActionMask = 2147483647;
			files = (
				ADC2E7EC26F8759300F1D4CB /* appUITests.swift in Sources */,
			);
			runOnlyForDeploymentPostprocessing = 0;
		};
/* End PBXSourcesBuildPhase section */

/* Begin PBXTargetDependency section */
		ADC2E7DE26F8759200F1D4CB /* PBXTargetDependency */ = {
			isa = PBXTargetDependency;
			target = ADC2E7CA26F8759000F1D4CB /* app */;
			targetProxy = ADC2E7DD26F8759200F1D4CB /* PBXContainerItemProxy */;
		};
		ADC2E7E926F8759300F1D4CB /* PBXTargetDependency */ = {
			isa = PBXTargetDependency;
			target = ADC2E7CA26F8759000F1D4CB /* app */;
			targetProxy = ADC2E7E826F8759300F1D4CB /* PBXContainerItemProxy */;
		};
/* End PBXTargetDependency section */

/* Begin XCBuildConfiguration section */
		ADC2E7EE26F8759300F1D4CB /* Debug */ = {
			isa = XCBuildConfiguration;
			buildSettings = {
				ALWAYS_SEARCH_USER_PATHS = NO;
				CLANG_ANALYZER_NONNULL = YES;
				CLANG_ANALYZER_NUMBER_OBJECT_CONVERSION = YES_AGGRESSIVE;
				CLANG_CXX_LANGUAGE_STANDARD = "gnu++14";
				CLANG_CXX_LIBRARY = "libc++";
				CLANG_ENABLE_MODULES = YES;
				CLANG_ENABLE_OBJC_ARC = YES;
				CLANG_ENABLE_OBJC_WEAK = YES;
				CLANG_WARN_BLOCK_CAPTURE_AUTORELEASING = YES;
				CLANG_WARN_BOOL_CONVERSION = YES;
				CLANG_WARN_COMMA = YES;
				CLANG_WARN_CONSTANT_CONVERSION = YES;
				CLANG_WARN_DEPRECATED_OBJC_IMPLEMENTATIONS = YES;
				CLANG_WARN_DIRECT_OBJC_ISA_USAGE = YES_ERROR;
				CLANG_WARN_DOCUMENTATION_COMMENTS = YES;
				CLANG_WARN_EMPTY_BODY = YES;
				CLANG_WARN_ENUM_CONVERSION = YES;
				CLANG_WARN_INFINITE_RECURSION = YES;
				CLANG_WARN_INT_CONVERSION = YES;
				CLANG_WARN_NON_LITERAL_NULL_CONVERSION = YES;
				CLANG_WARN_OBJC_IMPLICIT_RETAIN_SELF = YES;
				CLANG_WARN_OBJC_LITERAL_CONVERSION = YES;
				CLANG_WARN_OBJC_ROOT_CLASS = YES_ERROR;
				CLANG_WARN_QUOTED_INCLUDE_IN_FRAMEWORK_HEADER = YES;
				CLANG_WARN_RANGE_LOOP_ANALYSIS = YES;
				CLANG_WARN_STRICT_PROTOTYPES = YES;
				CLANG_WARN_SUSPICIOUS_MOVE = YES;
				CLANG_WARN_UNGUARDED_AVAILABILITY = YES_AGGRESSIVE;
				CLANG_WARN_UNREACHABLE_CODE = YES;
				CLANG_WARN__DUPLICATE_METHOD_MATCH = YES;
				COPY_PHASE_STRIP = NO;
				DEBUG_INFORMATION_FORMAT = dwarf;
				ENABLE_STRICT_OBJC_MSGSEND = YES;
				ENABLE_TESTABILITY = YES;
				GCC_C_LANGUAGE_STANDARD = gnu11;
				GCC_DYNAMIC_NO_PIC = NO;
				GCC_NO_COMMON_BLOCKS = YES;
				GCC_OPTIMIZATION_LEVEL = 0;
				GCC_PREPROCESSOR_DEFINITIONS = (
					"DEBUG=1",
					"$(inherited)",
				);
				GCC_WARN_64_TO_32_BIT_CONVERSION = YES;
				GCC_WARN_ABOUT_RETURN_TYPE = YES_ERROR;
				GCC_WARN_UNDECLARED_SELECTOR = YES;
				GCC_WARN_UNINITIALIZED_AUTOS = YES_AGGRESSIVE;
				GCC_WARN_UNUSED_FUNCTION = YES;
				GCC_WARN_UNUSED_VARIABLE = YES;
				IPHONEOS_DEPLOYMENT_TARGET = 14.5;
				MTL_ENABLE_DEBUG_INFO = INCLUDE_SOURCE;
				MTL_FAST_MATH = YES;
				ONLY_ACTIVE_ARCH = YES;
				SDKROOT = iphoneos;
				SWIFT_ACTIVE_COMPILATION_CONDITIONS = DEBUG;
				SWIFT_OPTIMIZATION_LEVEL = "-Onone";
			};
			name = Debug;
		};
		ADC2E7EF26F8759300F1D4CB /* Release */ = {
			isa = XCBuildConfiguration;
			buildSettings = {
				ALWAYS_SEARCH_USER_PATHS = NO;
				CLANG_ANALYZER_NONNULL = YES;
				CLANG_ANALYZER_NUMBER_OBJECT_CONVERSION = YES_AGGRESSIVE;
				CLANG_CXX_LANGUAGE_STANDARD = "gnu++14";
				CLANG_CXX_LIBRARY = "libc++";
				CLANG_ENABLE_MODULES = YES;
				CLANG_ENABLE_OBJC_ARC = YES;
				CLANG_ENABLE_OBJC_WEAK = YES;
				CLANG_WARN_BLOCK_CAPTURE_AUTORELEASING = YES;
				CLANG_WARN_BOOL_CONVERSION = YES;
				CLANG_WARN_COMMA = YES;
				CLANG_WARN_CONSTANT_CONVERSION = YES;
				CLANG_WARN_DEPRECATED_OBJC_IMPLEMENTATIONS = YES;
				CLANG_WARN_DIRECT_OBJC_ISA_USAGE = YES_ERROR;
				CLANG_WARN_DOCUMENTATION_COMMENTS = YES;
				CLANG_WARN_EMPTY_BODY = YES;
				CLANG_WARN_ENUM_CONVERSION = YES;
				CLANG_WARN_INFINITE_RECURSION = YES;
				CLANG_WARN_INT_CONVERSION = YES;
				CLANG_WARN_NON_LITERAL_NULL_CONVERSION = YES;
				CLANG_WARN_OBJC_IMPLICIT_RETAIN_SELF = YES;
				CLANG_WARN_OBJC_LITERAL_CONVERSION = YES;
				CLANG_WARN_OBJC_ROOT_CLASS = YES_ERROR;
				CLANG_WARN_QUOTED_INCLUDE_IN_FRAMEWORK_HEADER = YES;
				CLANG_WARN_RANGE_LOOP_ANALYSIS = YES;
				CLANG_WARN_STRICT_PROTOTYPES = YES;
				CLANG_WARN_SUSPICIOUS_MOVE = YES;
				CLANG_WARN_UNGUARDED_AVAILABILITY = YES_AGGRESSIVE;
				CLANG_WARN_UNREACHABLE_CODE = YES;
				CLANG_WARN__DUPLICATE_METHOD_MATCH = YES;
				COPY_PHASE_STRIP = NO;
				DEBUG_INFORMATION_FORMAT = "dwarf-with-dsym";
				ENABLE_NS_ASSERTIONS = NO;
				ENABLE_STRICT_OBJC_MSGSEND = YES;
				GCC_C_LANGUAGE_STANDARD = gnu11;
				GCC_NO_COMMON_BLOCKS = YES;
				GCC_WARN_64_TO_32_BIT_CONVERSION = YES;
				GCC_WARN_ABOUT_RETURN_TYPE = YES_ERROR;
				GCC_WARN_UNDECLARED_SELECTOR = YES;
				GCC_WARN_UNINITIALIZED_AUTOS = YES_AGGRESSIVE;
				GCC_WARN_UNUSED_FUNCTION = YES;
				GCC_WARN_UNUSED_VARIABLE = YES;
				IPHONEOS_DEPLOYMENT_TARGET = 14.5;
				MTL_ENABLE_DEBUG_INFO = NO;
				MTL_FAST_MATH = YES;
				SDKROOT = iphoneos;
				SWIFT_COMPILATION_MODE = wholemodule;
				SWIFT_OPTIMIZATION_LEVEL = "-O";
				VALIDATE_PRODUCT = YES;
			};
			name = Release;
		};
		ADC2E7F126F8759300F1D4CB /* Debug */ = {
			isa = XCBuildConfiguration;
			buildSettings = {
				ASSETCATALOG_COMPILER_APPICON_NAME = AppIcon;
				ASSETCATALOG_COMPILER_GLOBAL_ACCENT_COLOR_NAME = AccentColor;
				CODE_SIGN_STYLE = Automatic;
				DEVELOPMENT_ASSET_PATHS = "\"app/Preview Content\"";
				ENABLE_PREVIEWS = YES;
				INFOPLIST_FILE = app/Info.plist;
				IPHONEOS_DEPLOYMENT_TARGET = 14.0;
				LD_RUNPATH_SEARCH_PATHS = (
					"$(inherited)",
					"@executable_path/Frameworks",
				);
				PRODUCT_BUNDLE_IDENTIFIER = shy.app;
				PRODUCT_NAME = "$(TARGET_NAME)";
				SWIFT_VERSION = 5.0;
				TARGETED_DEVICE_FAMILY = "1,2";
			};
			name = Debug;
		};
		ADC2E7F226F8759300F1D4CB /* Release */ = {
			isa = XCBuildConfiguration;
			buildSettings = {
				ASSETCATALOG_COMPILER_APPICON_NAME = AppIcon;
				ASSETCATALOG_COMPILER_GLOBAL_ACCENT_COLOR_NAME = AccentColor;
				CODE_SIGN_STYLE = Automatic;
				DEVELOPMENT_ASSET_PATHS = "\"app/Preview Content\"";
				ENABLE_PREVIEWS = YES;
				INFOPLIST_FILE = app/Info.plist;
				IPHONEOS_DEPLOYMENT_TARGET = 14.0;
				LD_RUNPATH_SEARCH_PATHS = (
					"$(inherited)",
					"@executable_path/Frameworks",
				);
				PRODUCT_BUNDLE_IDENTIFIER = shy.app;
				PRODUCT_NAME = "$(TARGET_NAME)";
				SWIFT_VERSION = 5.0;
				TARGETED_DEVICE_FAMILY = "1,2";
			};
			name = Release;
		};
		ADC2E7F426F8759300F1D4CB /* Debug */ = {
			isa = XCBuildConfiguration;
			buildSettings = {
				ALWAYS_EMBED_SWIFT_STANDARD_LIBRARIES = YES;
				BUNDLE_LOADER = "$(TEST_HOST)";
				CODE_SIGN_STYLE = Automatic;
				INFOPLIST_FILE = appTests/Info.plist;
				IPHONEOS_DEPLOYMENT_TARGET = 14.0;
				LD_RUNPATH_SEARCH_PATHS = (
					"$(inherited)",
					"@executable_path/Frameworks",
					"@loader_path/Frameworks",
				);
				PRODUCT_BUNDLE_IDENTIFIER = shy.appTests;
				PRODUCT_NAME = "$(TARGET_NAME)";
				SWIFT_VERSION = 5.0;
				TARGETED_DEVICE_FAMILY = "1,2";
				TEST_HOST = "$(BUILT_PRODUCTS_DIR)/app.app/app";
			};
			name = Debug;
		};
		ADC2E7F526F8759300F1D4CB /* Release */ = {
			isa = XCBuildConfiguration;
			buildSettings = {
				ALWAYS_EMBED_SWIFT_STANDARD_LIBRARIES = YES;
				BUNDLE_LOADER = "$(TEST_HOST)";
				CODE_SIGN_STYLE = Automatic;
				INFOPLIST_FILE = appTests/Info.plist;
				IPHONEOS_DEPLOYMENT_TARGET = 14.0;
				LD_RUNPATH_SEARCH_PATHS = (
					"$(inherited)",
					"@executable_path/Frameworks",
					"@loader_path/Frameworks",
				);
				PRODUCT_BUNDLE_IDENTIFIER = shy.appTests;
				PRODUCT_NAME = "$(TARGET_NAME)";
				SWIFT_VERSION = 5.0;
				TARGETED_DEVICE_FAMILY = "1,2";
				TEST_HOST = "$(BUILT_PRODUCTS_DIR)/app.app/app";
			};
			name = Release;
		};
		ADC2E7F726F8759300F1D4CB /* Debug */ = {
			isa = XCBuildConfiguration;
			buildSettings = {
				ALWAYS_EMBED_SWIFT_STANDARD_LIBRARIES = YES;
				CODE_SIGN_STYLE = Automatic;
				INFOPLIST_FILE = appUITests/Info.plist;
				LD_RUNPATH_SEARCH_PATHS = (
					"$(inherited)",
					"@executable_path/Frameworks",
					"@loader_path/Frameworks",
				);
				PRODUCT_BUNDLE_IDENTIFIER = shy.appUITests;
				PRODUCT_NAME = "$(TARGET_NAME)";
				SWIFT_VERSION = 5.0;
				TARGETED_DEVICE_FAMILY = "1,2";
				TEST_TARGET_NAME = app;
			};
			name = Debug;
		};
		ADC2E7F826F8759300F1D4CB /* Release */ = {
			isa = XCBuildConfiguration;
			buildSettings = {
				ALWAYS_EMBED_SWIFT_STANDARD_LIBRARIES = YES;
				CODE_SIGN_STYLE = Automatic;
				INFOPLIST_FILE = appUITests/Info.plist;
				LD_RUNPATH_SEARCH_PATHS = (
					"$(inherited)",
					"@executable_path/Frameworks",
					"@loader_path/Frameworks",
				);
				PRODUCT_BUNDLE_IDENTIFIER = shy.appUITests;
				PRODUCT_NAME = "$(TARGET_NAME)";
				SWIFT_VERSION = 5.0;
				TARGETED_DEVICE_FAMILY = "1,2";
				TEST_TARGET_NAME = app;
			};
			name = Release;
		};
/* End XCBuildConfiguration section */

/* Begin XCConfigurationList section */
		ADC2E7C626F8759000F1D4CB /* Build configuration list for PBXProject "app" */ = {
			isa = XCConfigurationList;
			buildConfigurations = (
				ADC2E7EE26F8759300F1D4CB /* Debug */,
				ADC2E7EF26F8759300F1D4CB /* Release */,
			);
			defaultConfigurationIsVisible = 0;
			defaultConfigurationName = Release;
		};
		ADC2E7F026F8759300F1D4CB /* Build configuration list for PBXNativeTarget "app" */ = {
			isa = XCConfigurationList;
			buildConfigurations = (
				ADC2E7F126F8759300F1D4CB /* Debug */,
				ADC2E7F226F8759300F1D4CB /* Release */,
			);
			defaultConfigurationIsVisible = 0;
			defaultConfigurationName = Release;
		};
		ADC2E7F326F8759300F1D4CB /* Build configuration list for PBXNativeTarget "appTests" */ = {
			isa = XCConfigurationList;
			buildConfigurations = (
				ADC2E7F426F8759300F1D4CB /* Debug */,
				ADC2E7F526F8759300F1D4CB /* Release */,
			);
			defaultConfigurationIsVisible = 0;
			defaultConfigurationName = Release;
		};
		ADC2E7F626F8759300F1D4CB /* Build configuration list for PBXNativeTarget "appUITests" */ = {
			isa = XCConfigurationList;
			buildConfigurations = (
				ADC2E7F726F8759300F1D4CB /* Debug */,
				ADC2E7F826F8759300F1D4CB /* Release */,
			);
			defaultConfigurationIsVisible = 0;
			defaultConfigurationName = Release;
		};
/* End XCConfigurationList section */
	};
	rootObject = ADC2E7C326F8759000F1D4CB /* Project object */;
}
